// !$*UTF8*$!
{
	archiveVersion = 1;
	classes = {
	};
	objectVersion = 50;
	objects = {

/* Begin PBXBuildFile section */
		9862C5DE26765D0400B05817 /* TestApp.swift in Sources */ = {isa = PBXBuildFile; fileRef = 9862C5DD26765D0400B05817 /* TestApp.swift */; };
		9862C5E026765D0400B05817 /* ContentView.swift in Sources */ = {isa = PBXBuildFile; fileRef = 9862C5DF26765D0400B05817 /* ContentView.swift */; };
		9862C5E226765D0600B05817 /* Assets.xcassets in Resources */ = {isa = PBXBuildFile; fileRef = 9862C5E126765D0600B05817 /* Assets.xcassets */; };
		9862C5E526765D0600B05817 /* Preview Assets.xcassets in Resources */ = {isa = PBXBuildFile; fileRef = 9862C5E426765D0600B05817 /* Preview Assets.xcassets */; };
		9862C5F026765D0700B05817 /* TestTests.swift in Sources */ = {isa = PBXBuildFile; fileRef = 9862C5EF26765D0700B05817 /* TestTests.swift */; };
		9862C5FB26765D0700B05817 /* TestUITests.swift in Sources */ = {isa = PBXBuildFile; fileRef = 9862C5FA26765D0700B05817 /* TestUITests.swift */; };
		98944521268F9CA00044BD6F /* CircleImage.swift in Sources */ = {isa = PBXBuildFile; fileRef = 98944520268F9CA00044BD6F /* CircleImage.swift */; };
		98944523268F9EDA0044BD6F /* MapView.swift in Sources */ = {isa = PBXBuildFile; fileRef = 98944522268F9EDA0044BD6F /* MapView.swift */; };
		989C3C64268FB577002F9588 /* Landmark.swift in Sources */ = {isa = PBXBuildFile; fileRef = 989C3C63268FB577002F9588 /* Landmark.swift */; };
		989C3C66268FB7DE002F9588 /* ModelData.swift in Sources */ = {isa = PBXBuildFile; fileRef = 989C3C65268FB7DE002F9588 /* ModelData.swift */; };
		989C3C68268FD439002F9588 /* landmarkData.json in Resources */ = {isa = PBXBuildFile; fileRef = 989C3C67268FD439002F9588 /* landmarkData.json */; };
		989C3C6D268FD730002F9588 /* LandmarkRow.swift in Sources */ = {isa = PBXBuildFile; fileRef = 989C3C6C268FD730002F9588 /* LandmarkRow.swift */; };
		989C3C71268FD9CC002F9588 /* LandmarkList.swift in Sources */ = {isa = PBXBuildFile; fileRef = 989C3C70268FD9CC002F9588 /* LandmarkList.swift */; };
		989C3C73268FDBA0002F9588 /* LandmarkDetail.swift in Sources */ = {isa = PBXBuildFile; fileRef = 989C3C72268FDBA0002F9588 /* LandmarkDetail.swift */; };
/* End PBXBuildFile section */

/* Begin PBXContainerItemProxy section */
		9862C5EC26765D0700B05817 /* PBXContainerItemProxy */ = {
			isa = PBXContainerItemProxy;
			containerPortal = 9862C5D226765D0400B05817 /* Project object */;
			proxyType = 1;
			remoteGlobalIDString = 9862C5D926765D0400B05817;
			remoteInfo = Test;
		};
		9862C5F726765D0700B05817 /* PBXContainerItemProxy */ = {
			isa = PBXContainerItemProxy;
			containerPortal = 9862C5D226765D0400B05817 /* Project object */;
			proxyType = 1;
			remoteGlobalIDString = 9862C5D926765D0400B05817;
			remoteInfo = Test;
		};
/* End PBXContainerItemProxy section */

/* Begin PBXFileReference section */
		9862C5DA26765D0400B05817 /* Test.app */ = {isa = PBXFileReference; explicitFileType = wrapper.application; includeInIndex = 0; path = Test.app; sourceTree = BUILT_PRODUCTS_DIR; };
		9862C5DD26765D0400B05817 /* TestApp.swift */ = {isa = PBXFileReference; lastKnownFileType = sourcecode.swift; path = TestApp.swift; sourceTree = "<group>"; };
		9862C5DF26765D0400B05817 /* ContentView.swift */ = {isa = PBXFileReference; lastKnownFileType = sourcecode.swift; path = ContentView.swift; sourceTree = "<group>"; usesTabs = 0; };
		9862C5E126765D0600B05817 /* Assets.xcassets */ = {isa = PBXFileReference; lastKnownFileType = folder.assetcatalog; path = Assets.xcassets; sourceTree = "<group>"; };
		9862C5E426765D0600B05817 /* Preview Assets.xcassets */ = {isa = PBXFileReference; lastKnownFileType = folder.assetcatalog; path = "Preview Assets.xcassets"; sourceTree = "<group>"; };
		9862C5E626765D0700B05817 /* Info.plist */ = {isa = PBXFileReference; lastKnownFileType = text.plist.xml; path = Info.plist; sourceTree = "<group>"; };
		9862C5EB26765D0700B05817 /* TestTests.xctest */ = {isa = PBXFileReference; explicitFileType = wrapper.cfbundle; includeInIndex = 0; path = TestTests.xctest; sourceTree = BUILT_PRODUCTS_DIR; };
		9862C5EF26765D0700B05817 /* TestTests.swift */ = {isa = PBXFileReference; lastKnownFileType = sourcecode.swift; path = TestTests.swift; sourceTree = "<group>"; };
		9862C5F126765D0700B05817 /* Info.plist */ = {isa = PBXFileReference; lastKnownFileType = text.plist.xml; path = Info.plist; sourceTree = "<group>"; };
		9862C5F626765D0700B05817 /* TestUITests.xctest */ = {isa = PBXFileReference; explicitFileType = wrapper.cfbundle; includeInIndex = 0; path = TestUITests.xctest; sourceTree = BUILT_PRODUCTS_DIR; };
		9862C5FA26765D0700B05817 /* TestUITests.swift */ = {isa = PBXFileReference; lastKnownFileType = sourcecode.swift; path = TestUITests.swift; sourceTree = "<group>"; };
		9862C5FC26765D0700B05817 /* Info.plist */ = {isa = PBXFileReference; lastKnownFileType = text.plist.xml; path = Info.plist; sourceTree = "<group>"; };
		98944520268F9CA00044BD6F /* CircleImage.swift */ = {isa = PBXFileReference; lastKnownFileType = sourcecode.swift; path = CircleImage.swift; sourceTree = "<group>"; };
		98944522268F9EDA0044BD6F /* MapView.swift */ = {isa = PBXFileReference; lastKnownFileType = sourcecode.swift; path = MapView.swift; sourceTree = "<group>"; };
		989C3C63268FB577002F9588 /* Landmark.swift */ = {isa = PBXFileReference; lastKnownFileType = sourcecode.swift; path = Landmark.swift; sourceTree = "<group>"; };
		989C3C65268FB7DE002F9588 /* ModelData.swift */ = {isa = PBXFileReference; lastKnownFileType = sourcecode.swift; path = ModelData.swift; sourceTree = "<group>"; };
		989C3C67268FD439002F9588 /* landmarkData.json */ = {isa = PBXFileReference; fileEncoding = 4; lastKnownFileType = text.json; path = landmarkData.json; sourceTree = "<group>"; };
		989C3C6C268FD730002F9588 /* LandmarkRow.swift */ = {isa = PBXFileReference; lastKnownFileType = sourcecode.swift; path = LandmarkRow.swift; sourceTree = "<group>"; };
		989C3C70268FD9CC002F9588 /* LandmarkList.swift */ = {isa = PBXFileReference; lastKnownFileType = sourcecode.swift; path = LandmarkList.swift; sourceTree = "<group>"; };
		989C3C72268FDBA0002F9588 /* LandmarkDetail.swift */ = {isa = PBXFileReference; lastKnownFileType = sourcecode.swift; path = LandmarkDetail.swift; sourceTree = "<group>"; };
/* End PBXFileReference section */

/* Begin PBXFrameworksBuildPhase section */
		9862C5D726765D0400B05817 /* Frameworks */ = {
			isa = PBXFrameworksBuildPhase;
			buildActionMask = 2147483647;
			files = (
			);
			runOnlyForDeploymentPostprocessing = 0;
		};
		9862C5E826765D0700B05817 /* Frameworks */ = {
			isa = PBXFrameworksBuildPhase;
			buildActionMask = 2147483647;
			files = (
			);
			runOnlyForDeploymentPostprocessing = 0;
		};
		9862C5F326765D0700B05817 /* Frameworks */ = {
			isa = PBXFrameworksBuildPhase;
			buildActionMask = 2147483647;
			files = (
			);
			runOnlyForDeploymentPostprocessing = 0;
		};
/* End PBXFrameworksBuildPhase section */

/* Begin PBXGroup section */
		9862C5D126765D0400B05817 = {
			isa = PBXGroup;
			children = (
				9862C5DC26765D0400B05817 /* Test */,
				9862C5EE26765D0700B05817 /* TestTests */,
				9862C5F926765D0700B05817 /* TestUITests */,
				9862C5DB26765D0400B05817 /* Products */,
			);
			sourceTree = "<group>";
		};
		9862C5DB26765D0400B05817 /* Products */ = {
			isa = PBXGroup;
			children = (
				9862C5DA26765D0400B05817 /* Test.app */,
				9862C5EB26765D0700B05817 /* TestTests.xctest */,
				9862C5F626765D0700B05817 /* TestUITests.xctest */,
			);
			name = Products;
			sourceTree = "<group>";
		};
		9862C5DC26765D0400B05817 /* Test */ = {
			isa = PBXGroup;
			children = (
				9862C5DD26765D0400B05817 /* TestApp.swift */,
				989C3C6B268FD5EF002F9588 /* Resources */,
				989C3C6A268FD5E0002F9588 /* Model */,
				989C3C69268FD5D6002F9588 /* Views */,
				9862C5E126765D0600B05817 /* Assets.xcassets */,
				9862C5E626765D0700B05817 /* Info.plist */,
				9862C5E326765D0600B05817 /* Preview Content */,
			);
			path = Test;
			sourceTree = "<group>";
		};
		9862C5E326765D0600B05817 /* Preview Content */ = {
			isa = PBXGroup;
			children = (
				9862C5E426765D0600B05817 /* Preview Assets.xcassets */,
			);
			path = "Preview Content";
			sourceTree = "<group>";
		};
		9862C5EE26765D0700B05817 /* TestTests */ = {
			isa = PBXGroup;
			children = (
				9862C5EF26765D0700B05817 /* TestTests.swift */,
				9862C5F126765D0700B05817 /* Info.plist */,
			);
			path = TestTests;
			sourceTree = "<group>";
		};
		9862C5F926765D0700B05817 /* TestUITests */ = {
			isa = PBXGroup;
			children = (
				9862C5FA26765D0700B05817 /* TestUITests.swift */,
				9862C5FC26765D0700B05817 /* Info.plist */,
			);
			path = TestUITests;
			sourceTree = "<group>";
		};
		989C3C69268FD5D6002F9588 /* Views */ = {
			isa = PBXGroup;
			children = (
				98944520268F9CA00044BD6F /* CircleImage.swift */,
				98944522268F9EDA0044BD6F /* MapView.swift */,
				9862C5DF26765D0400B05817 /* ContentView.swift */,
				989C3C6C268FD730002F9588 /* LandmarkRow.swift */,
				989C3C70268FD9CC002F9588 /* LandmarkList.swift */,
				989C3C72268FDBA0002F9588 /* LandmarkDetail.swift */,
			);
			path = Views;
			sourceTree = "<group>";
		};
		989C3C6A268FD5E0002F9588 /* Model */ = {
			isa = PBXGroup;
			children = (
				989C3C65268FB7DE002F9588 /* ModelData.swift */,
				989C3C63268FB577002F9588 /* Landmark.swift */,
			);
			path = Model;
			sourceTree = "<group>";
		};
		989C3C6B268FD5EF002F9588 /* Resources */ = {
			isa = PBXGroup;
			children = (
				989C3C67268FD439002F9588 /* landmarkData.json */,
			);
			path = Resources;
			sourceTree = "<group>";
		};
/* End PBXGroup section */

/* Begin PBXNativeTarget section */
		9862C5D926765D0400B05817 /* Test */ = {
			isa = PBXNativeTarget;
			buildConfigurationList = 9862C5FF26765D0700B05817 /* Build configuration list for PBXNativeTarget "Test" */;
			buildPhases = (
				9862C5D626765D0400B05817 /* Sources */,
				9862C5D726765D0400B05817 /* Frameworks */,
				9862C5D826765D0400B05817 /* Resources */,
			);
			buildRules = (
			);
			dependencies = (
			);
			name = Test;
			productName = Test;
			productReference = 9862C5DA26765D0400B05817 /* Test.app */;
			productType = "com.apple.product-type.application";
		};
		9862C5EA26765D0700B05817 /* TestTests */ = {
			isa = PBXNativeTarget;
			buildConfigurationList = 9862C60226765D0700B05817 /* Build configuration list for PBXNativeTarget "TestTests" */;
			buildPhases = (
				9862C5E726765D0700B05817 /* Sources */,
				9862C5E826765D0700B05817 /* Frameworks */,
				9862C5E926765D0700B05817 /* Resources */,
			);
			buildRules = (
			);
			dependencies = (
				9862C5ED26765D0700B05817 /* PBXTargetDependency */,
			);
			name = TestTests;
			productName = TestTests;
			productReference = 9862C5EB26765D0700B05817 /* TestTests.xctest */;
			productType = "com.apple.product-type.bundle.unit-test";
		};
		9862C5F526765D0700B05817 /* TestUITests */ = {
			isa = PBXNativeTarget;
			buildConfigurationList = 9862C60526765D0700B05817 /* Build configuration list for PBXNativeTarget "TestUITests" */;
			buildPhases = (
				9862C5F226765D0700B05817 /* Sources */,
				9862C5F326765D0700B05817 /* Frameworks */,
				9862C5F426765D0700B05817 /* Resources */,
			);
			buildRules = (
			);
			dependencies = (
				9862C5F826765D0700B05817 /* PBXTargetDependency */,
			);
			name = TestUITests;
			productName = TestUITests;
			productReference = 9862C5F626765D0700B05817 /* TestUITests.xctest */;
			productType = "com.apple.product-type.bundle.ui-testing";
		};
/* End PBXNativeTarget section */

/* Begin PBXProject section */
		9862C5D226765D0400B05817 /* Project object */ = {
			isa = PBXProject;
			attributes = {
				LastSwiftUpdateCheck = 1250;
				LastUpgradeCheck = 1250;
				TargetAttributes = {
					9862C5D926765D0400B05817 = {
						CreatedOnToolsVersion = 12.5;
					};
					9862C5EA26765D0700B05817 = {
						CreatedOnToolsVersion = 12.5;
						TestTargetID = 9862C5D926765D0400B05817;
					};
					9862C5F526765D0700B05817 = {
						CreatedOnToolsVersion = 12.5;
						TestTargetID = 9862C5D926765D0400B05817;
					};
				};
			};
			buildConfigurationList = 9862C5D526765D0400B05817 /* Build configuration list for PBXProject "Test" */;
			compatibilityVersion = "Xcode 9.3";
			developmentRegion = en;
			hasScannedForEncodings = 0;
			knownRegions = (
				en,
				Base,
			);
			mainGroup = 9862C5D126765D0400B05817;
			productRefGroup = 9862C5DB26765D0400B05817 /* Products */;
			projectDirPath = "";
			projectRoot = "";
			targets = (
				9862C5D926765D0400B05817 /* Test */,
				9862C5EA26765D0700B05817 /* TestTests */,
				9862C5F526765D0700B05817 /* TestUITests */,
			);
		};
/* End PBXProject section */

/* Begin PBXResourcesBuildPhase section */
		9862C5D826765D0400B05817 /* Resources */ = {
			isa = PBXResourcesBuildPhase;
			buildActionMask = 2147483647;
			files = (
				9862C5E526765D0600B05817 /* Preview Assets.xcassets in Resources */,
				9862C5E226765D0600B05817 /* Assets.xcassets in Resources */,
				989C3C68268FD439002F9588 /* landmarkData.json in Resources */,
			);
			runOnlyForDeploymentPostprocessing = 0;
		};
		9862C5E926765D0700B05817 /* Resources */ = {
			isa = PBXResourcesBuildPhase;
			buildActionMask = 2147483647;
			files = (
			);
			runOnlyForDeploymentPostprocessing = 0;
		};
		9862C5F426765D0700B05817 /* Resources */ = {
			isa = PBXResourcesBuildPhase;
			buildActionMask = 2147483647;
			files = (
			);
			runOnlyForDeploymentPostprocessing = 0;
		};
/* End PBXResourcesBuildPhase section */

/* Begin PBXSourcesBuildPhase section */
		9862C5D626765D0400B05817 /* Sources */ = {
			isa = PBXSourcesBuildPhase;
			buildActionMask = 2147483647;
			files = (
				9862C5E026765D0400B05817 /* ContentView.swift in Sources */,
				98944523268F9EDA0044BD6F /* MapView.swift in Sources */,
				9862C5DE26765D0400B05817 /* TestApp.swift in Sources */,
				989C3C71268FD9CC002F9588 /* LandmarkList.swift in Sources */,
				989C3C73268FDBA0002F9588 /* LandmarkDetail.swift in Sources */,
				98944521268F9CA00044BD6F /* CircleImage.swift in Sources */,
				989C3C64268FB577002F9588 /* Landmark.swift in Sources */,
				989C3C6D268FD730002F9588 /* LandmarkRow.swift in Sources */,
				989C3C66268FB7DE002F9588 /* ModelData.swift in Sources */,
			);
			runOnlyForDeploymentPostprocessing = 0;
		};
		9862C5E726765D0700B05817 /* Sources */ = {
			isa = PBXSourcesBuildPhase;
			buildActionMask = 2147483647;
			files = (
				9862C5F026765D0700B05817 /* TestTests.swift in Sources */,
			);
			runOnlyForDeploymentPostprocessing = 0;
		};
		9862C5F226765D0700B05817 /* Sources */ = {
			isa = PBXSourcesBuildPhase;
			buildActionMask = 2147483647;
			files = (
				9862C5FB26765D0700B05817 /* TestUITests.swift in Sources */,
			);
			runOnlyForDeploymentPostprocessing = 0;
		};
/* End PBXSourcesBuildPhase section */

/* Begin PBXTargetDependency section */
		9862C5ED26765D0700B05817 /* PBXTargetDependency */ = {
			isa = PBXTargetDependency;
			target = 9862C5D926765D0400B05817 /* Test */;
			targetProxy = 9862C5EC26765D0700B05817 /* PBXContainerItemProxy */;
		};
		9862C5F826765D0700B05817 /* PBXTargetDependency */ = {
			isa = PBXTargetDependency;
			target = 9862C5D926765D0400B05817 /* Test */;
			targetProxy = 9862C5F726765D0700B05817 /* PBXContainerItemProxy */;
		};
/* End PBXTargetDependency section */

/* Begin XCBuildConfiguration section */
		9862C5FD26765D0700B05817 /* Debug */ = {
			isa = XCBuildConfiguration;
			buildSettings = {
				ALWAYS_SEARCH_USER_PATHS = NO;
				CLANG_ANALYZER_NONNULL = YES;
				CLANG_ANALYZER_NUMBER_OBJECT_CONVERSION = YES_AGGRESSIVE;
				CLANG_CXX_LANGUAGE_STANDARD = "gnu++14";
				CLANG_CXX_LIBRARY = "libc++";
				CLANG_ENABLE_MODULES = YES;
				CLANG_ENABLE_OBJC_ARC = YES;
				CLANG_ENABLE_OBJC_WEAK = YES;
				CLANG_WARN_BLOCK_CAPTURE_AUTORELEASING = YES;
				CLANG_WARN_BOOL_CONVERSION = YES;
				CLANG_WARN_COMMA = YES;
				CLANG_WARN_CONSTANT_CONVERSION = YES;
				CLANG_WARN_DEPRECATED_OBJC_IMPLEMENTATIONS = YES;
				CLANG_WARN_DIRECT_OBJC_ISA_USAGE = YES_ERROR;
				CLANG_WARN_DOCUMENTATION_COMMENTS = YES;
				CLANG_WARN_EMPTY_BODY = YES;
				CLANG_WARN_ENUM_CONVERSION = YES;
				CLANG_WARN_INFINITE_RECURSION = YES;
				CLANG_WARN_INT_CONVERSION = YES;
				CLANG_WARN_NON_LITERAL_NULL_CONVERSION = YES;
				CLANG_WARN_OBJC_IMPLICIT_RETAIN_SELF = YES;
				CLANG_WARN_OBJC_LITERAL_CONVERSION = YES;
				CLANG_WARN_OBJC_ROOT_CLASS = YES_ERROR;
				CLANG_WARN_QUOTED_INCLUDE_IN_FRAMEWORK_HEADER = YES;
				CLANG_WARN_RANGE_LOOP_ANALYSIS = YES;
				CLANG_WARN_STRICT_PROTOTYPES = YES;
				CLANG_WARN_SUSPICIOUS_MOVE = YES;
				CLANG_WARN_UNGUARDED_AVAILABILITY = YES_AGGRESSIVE;
				CLANG_WARN_UNREACHABLE_CODE = YES;
				CLANG_WARN__DUPLICATE_METHOD_MATCH = YES;
				COPY_PHASE_STRIP = NO;
				DEBUG_INFORMATION_FORMAT = dwarf;
				ENABLE_STRICT_OBJC_MSGSEND = YES;
				ENABLE_TESTABILITY = YES;
				GCC_C_LANGUAGE_STANDARD = gnu11;
				GCC_DYNAMIC_NO_PIC = NO;
				GCC_NO_COMMON_BLOCKS = YES;
				GCC_OPTIMIZATION_LEVEL = 0;
				GCC_PREPROCESSOR_DEFINITIONS = (
					"DEBUG=1",
					"$(inherited)",
				);
				GCC_WARN_64_TO_32_BIT_CONVERSION = YES;
				GCC_WARN_ABOUT_RETURN_TYPE = YES_ERROR;
				GCC_WARN_UNDECLARED_SELECTOR = YES;
				GCC_WARN_UNINITIALIZED_AUTOS = YES_AGGRESSIVE;
				GCC_WARN_UNUSED_FUNCTION = YES;
				GCC_WARN_UNUSED_VARIABLE = YES;
				IPHONEOS_DEPLOYMENT_TARGET = 14.5;
				MTL_ENABLE_DEBUG_INFO = INCLUDE_SOURCE;
				MTL_FAST_MATH = YES;
				ONLY_ACTIVE_ARCH = YES;
				SDKROOT = iphoneos;
				SWIFT_ACTIVE_COMPILATION_CONDITIONS = DEBUG;
				SWIFT_OPTIMIZATION_LEVEL = "-Onone";
			};
			name = Debug;
		};
		9862C5FE26765D0700B05817 /* Release */ = {
			isa = XCBuildConfiguration;
			buildSettings = {
				ALWAYS_SEARCH_USER_PATHS = NO;
				CLANG_ANALYZER_NONNULL = YES;
				CLANG_ANALYZER_NUMBER_OBJECT_CONVERSION = YES_AGGRESSIVE;
				CLANG_CXX_LANGUAGE_STANDARD = "gnu++14";
				CLANG_CXX_LIBRARY = "libc++";
				CLANG_ENABLE_MODULES = YES;
				CLANG_ENABLE_OBJC_ARC = YES;
				CLANG_ENABLE_OBJC_WEAK = YES;
				CLANG_WARN_BLOCK_CAPTURE_AUTORELEASING = YES;
				CLANG_WARN_BOOL_CONVERSION = YES;
				CLANG_WARN_COMMA = YES;
				CLANG_WARN_CONSTANT_CONVERSION = YES;
				CLANG_WARN_DEPRECATED_OBJC_IMPLEMENTATIONS = YES;
				CLANG_WARN_DIRECT_OBJC_ISA_USAGE = YES_ERROR;
				CLANG_WARN_DOCUMENTATION_COMMENTS = YES;
				CLANG_WARN_EMPTY_BODY = YES;
				CLANG_WARN_ENUM_CONVERSION = YES;
				CLANG_WARN_INFINITE_RECURSION = YES;
				CLANG_WARN_INT_CONVERSION = YES;
				CLANG_WARN_NON_LITERAL_NULL_CONVERSION = YES;
				CLANG_WARN_OBJC_IMPLICIT_RETAIN_SELF = YES;
				CLANG_WARN_OBJC_LITERAL_CONVERSION = YES;
				CLANG_WARN_OBJC_ROOT_CLASS = YES_ERROR;
				CLANG_WARN_QUOTED_INCLUDE_IN_FRAMEWORK_HEADER = YES;
				CLANG_WARN_RANGE_LOOP_ANALYSIS = YES;
				CLANG_WARN_STRICT_PROTOTYPES = YES;
				CLANG_WARN_SUSPICIOUS_MOVE = YES;
				CLANG_WARN_UNGUARDED_AVAILABILITY = YES_AGGRESSIVE;
				CLANG_WARN_UNREACHABLE_CODE = YES;
				CLANG_WARN__DUPLICATE_METHOD_MATCH = YES;
				COPY_PHASE_STRIP = NO;
				DEBUG_INFORMATION_FORMAT = "dwarf-with-dsym";
				ENABLE_NS_ASSERTIONS = NO;
				ENABLE_STRICT_OBJC_MSGSEND = YES;
				GCC_C_LANGUAGE_STANDARD = gnu11;
				GCC_NO_COMMON_BLOCKS = YES;
				GCC_WARN_64_TO_32_BIT_CONVERSION = YES;
				GCC_WARN_ABOUT_RETURN_TYPE = YES_ERROR;
				GCC_WARN_UNDECLARED_SELECTOR = YES;
				GCC_WARN_UNINITIALIZED_AUTOS = YES_AGGRESSIVE;
				GCC_WARN_UNUSED_FUNCTION = YES;
				GCC_WARN_UNUSED_VARIABLE = YES;
				IPHONEOS_DEPLOYMENT_TARGET = 14.5;
				MTL_ENABLE_DEBUG_INFO = NO;
				MTL_FAST_MATH = YES;
				SDKROOT = iphoneos;
				SWIFT_COMPILATION_MODE = wholemodule;
				SWIFT_OPTIMIZATION_LEVEL = "-O";
				VALIDATE_PRODUCT = YES;
			};
			name = Release;
		};
		9862C60026765D0700B05817 /* Debug */ = {
			isa = XCBuildConfiguration;
			buildSettings = {
				ASSETCATALOG_COMPILER_APPICON_NAME = AppIcon;
				ASSETCATALOG_COMPILER_GLOBAL_ACCENT_COLOR_NAME = AccentColor;
				CODE_SIGN_STYLE = Automatic;
				DEVELOPMENT_ASSET_PATHS = "\"Test/Preview Content\"";
				ENABLE_PREVIEWS = YES;
				INFOPLIST_FILE = Test/Info.plist;
				IPHONEOS_DEPLOYMENT_TARGET = 14.0;
				LD_RUNPATH_SEARCH_PATHS = (
					"$(inherited)",
					"@executable_path/Frameworks",
				);
				PRODUCT_BUNDLE_IDENTIFIER = com.quantumCube.Test;
				PRODUCT_NAME = "$(TARGET_NAME)";
				SWIFT_VERSION = 5.0;
				TARGETED_DEVICE_FAMILY = "1,2";
			};
			name = Debug;
		};
		9862C60126765D0700B05817 /* Release */ = {
			isa = XCBuildConfiguration;
			buildSettings = {
				ASSETCATALOG_COMPILER_APPICON_NAME = AppIcon;
				ASSETCATALOG_COMPILER_GLOBAL_ACCENT_COLOR_NAME = AccentColor;
				CODE_SIGN_STYLE = Automatic;
				DEVELOPMENT_ASSET_PATHS = "\"Test/Preview Content\"";
				ENABLE_PREVIEWS = YES;
				INFOPLIST_FILE = Test/Info.plist;
				IPHONEOS_DEPLOYMENT_TARGET = 14.0;
				LD_RUNPATH_SEARCH_PATHS = (
					"$(inherited)",
					"@executable_path/Frameworks",
				);
				PRODUCT_BUNDLE_IDENTIFIER = com.quantumCube.Test;
				PRODUCT_NAME = "$(TARGET_NAME)";
				SWIFT_VERSION = 5.0;
				TARGETED_DEVICE_FAMILY = "1,2";
			};
			name = Release;
		};
		9862C60326765D0700B05817 /* Debug */ = {
			isa = XCBuildConfiguration;
			buildSettings = {
				ALWAYS_EMBED_SWIFT_STANDARD_LIBRARIES = YES;
				BUNDLE_LOADER = "$(TEST_HOST)";
				CODE_SIGN_STYLE = Automatic;
				INFOPLIST_FILE = TestTests/Info.plist;
				IPHONEOS_DEPLOYMENT_TARGET = 14.0;
				LD_RUNPATH_SEARCH_PATHS = (
					"$(inherited)",
					"@executable_path/Frameworks",
					"@loader_path/Frameworks",
				);
				PRODUCT_BUNDLE_IDENTIFIER = com.quantumCube.TestTests;
				PRODUCT_NAME = "$(TARGET_NAME)";
				SWIFT_VERSION = 5.0;
				TARGETED_DEVICE_FAMILY = "1,2";
				TEST_HOST = "$(BUILT_PRODUCTS_DIR)/Test.app/Test";
			};
			name = Debug;
		};
		9862C60426765D0700B05817 /* Release */ = {
			isa = XCBuildConfiguration;
			buildSettings = {
				ALWAYS_EMBED_SWIFT_STANDARD_LIBRARIES = YES;
				BUNDLE_LOADER = "$(TEST_HOST)";
				CODE_SIGN_STYLE = Automatic;
				INFOPLIST_FILE = TestTests/Info.plist;
				IPHONEOS_DEPLOYMENT_TARGET = 14.0;
				LD_RUNPATH_SEARCH_PATHS = (
					"$(inherited)",
					"@executable_path/Frameworks",
					"@loader_path/Frameworks",
				);
				PRODUCT_BUNDLE_IDENTIFIER = com.quantumCube.TestTests;
				PRODUCT_NAME = "$(TARGET_NAME)";
				SWIFT_VERSION = 5.0;
				TARGETED_DEVICE_FAMILY = "1,2";
				TEST_HOST = "$(BUILT_PRODUCTS_DIR)/Test.app/Test";
			};
			name = Release;
		};
		9862C60626765D0700B05817 /* Debug */ = {
			isa = XCBuildConfiguration;
			buildSettings = {
				ALWAYS_EMBED_SWIFT_STANDARD_LIBRARIES = YES;
				CODE_SIGN_STYLE = Automatic;
				INFOPLIST_FILE = TestUITests/Info.plist;
				LD_RUNPATH_SEARCH_PATHS = (
					"$(inherited)",
					"@executable_path/Frameworks",
					"@loader_path/Frameworks",
				);
				PRODUCT_BUNDLE_IDENTIFIER = com.quantumCube.TestUITests;
				PRODUCT_NAME = "$(TARGET_NAME)";
				SWIFT_VERSION = 5.0;
				TARGETED_DEVICE_FAMILY = "1,2";
				TEST_TARGET_NAME = Test;
			};
			name = Debug;
		};
		9862C60726765D0700B05817 /* Release */ = {
			isa = XCBuildConfiguration;
			buildSettings = {
				ALWAYS_EMBED_SWIFT_STANDARD_LIBRARIES = YES;
				CODE_SIGN_STYLE = Automatic;
				INFOPLIST_FILE = TestUITests/Info.plist;
				LD_RUNPATH_SEARCH_PATHS = (
					"$(inherited)",
					"@executable_path/Frameworks",
					"@loader_path/Frameworks",
				);
				PRODUCT_BUNDLE_IDENTIFIER = com.quantumCube.TestUITests;
				PRODUCT_NAME = "$(TARGET_NAME)";
				SWIFT_VERSION = 5.0;
				TARGETED_DEVICE_FAMILY = "1,2";
				TEST_TARGET_NAME = Test;
			};
			name = Release;
		};
/* End XCBuildConfiguration section */

/* Begin XCConfigurationList section */
		9862C5D526765D0400B05817 /* Build configuration list for PBXProject "Test" */ = {
			isa = XCConfigurationList;
			buildConfigurations = (
				9862C5FD26765D0700B05817 /* Debug */,
				9862C5FE26765D0700B05817 /* Release */,
			);
			defaultConfigurationIsVisible = 0;
			defaultConfigurationName = Release;
		};
		9862C5FF26765D0700B05817 /* Build configuration list for PBXNativeTarget "Test" */ = {
			isa = XCConfigurationList;
			buildConfigurations = (
				9862C60026765D0700B05817 /* Debug */,
				9862C60126765D0700B05817 /* Release */,
			);
			defaultConfigurationIsVisible = 0;
			defaultConfigurationName = Release;
		};
		9862C60226765D0700B05817 /* Build configuration list for PBXNativeTarget "TestTests" */ = {
			isa = XCConfigurationList;
			buildConfigurations = (
				9862C60326765D0700B05817 /* Debug */,
				9862C60426765D0700B05817 /* Release */,
			);
			defaultConfigurationIsVisible = 0;
			defaultConfigurationName = Release;
		};
		9862C60526765D0700B05817 /* Build configuration list for PBXNativeTarget "TestUITests" */ = {
			isa = XCConfigurationList;
			buildConfigurations = (
				9862C60626765D0700B05817 /* Debug */,
				9862C60726765D0700B05817 /* Release */,
			);
			defaultConfigurationIsVisible = 0;
			defaultConfigurationName = Release;
		};
/* End XCConfigurationList section */
	};
	rootObject = 9862C5D226765D0400B05817 /* Project object */;
}
